
Microsoft Visual Studio Solution File, Format Version 12.00
# Visual Studio 15
VisualStudioVersion = 15.0.27130.2036
MinimumVisualStudioVersion = 10.0.40219.1
Project("{FAE04EC0-301F-11D3-BF4B-00C04F79EFBC}") = "FastTalkerSkiaSharp.Android", "FastTalkerSkiaSharp\FastTalkerSkiaSharp.Android\FastTalkerSkiaSharp.Android.csproj", "{5BC20E0F-A1B0-42EB-AB7B-222499E61F21}"
EndProject
Project("{FAE04EC0-301F-11D3-BF4B-00C04F79EFBC}") = "FastTalkerSkiaSharp.iOS", "FastTalkerSkiaSharp\FastTalkerSkiaSharp.iOS\FastTalkerSkiaSharp.iOS.csproj", "{B4D5ADF2-B055-4890-B4E3-45259E928DB5}"
EndProject
Project("{9A19103F-16F7-4668-BE54-9A1E7A4F7556}") = "FastTalkerSkiaSharp", "FastTalkerSkiaSharp\FastTalkerSkiaSharp\FastTalkerSkiaSharp.csproj", "{FD1A2DC8-3298-43FE-A592-2BF3F02A3908}"
EndProject
Project("{2150E333-8FDC-42A3-9474-1A3956D46DE8}") = "Solution Items", "Solution Items", "{CD2AF992-9E4E-4CD6-A32B-3002E85F305D}"
	ProjectSection(SolutionItems) = preProject
		LICENSE = LICENSE
		LICENSE-KeyboardOverlap = LICENSE-KeyboardOverlap
		LICENSE-LauncherHijack = LICENSE-LauncherHijack
		LICENSE-Mulberry_Symbols = LICENSE-Mulberry_Symbols
		LICENSE-Newtonsoft_Json = LICENSE-Newtonsoft_Json
		LICENSE-Xamarin_Forms = LICENSE-Xamarin_Forms
		LICENSE-Xamarin_Plugins = LICENSE-Xamarin_Plugins
		Privacy.md = Privacy.md
		README.md = README.md
	EndProjectSection
EndProject
Project("{2150E333-8FDC-42A3-9474-1A3956D46DE8}") = "Samples", "Samples", "{7EF1B3EE-7A94-43AA-8C3F-88D230B62A1B}"
	ProjectSection(SolutionItems) = preProject
		Samples\Anim-Folders.gif = Samples\Anim-Folders.gif
		Samples\Anim-IconMode.gif = Samples\Anim-IconMode.gif
		Samples\Anim-IconSelection.gif = Samples\Anim-IconSelection.gif
		Samples\Anim-SentenceMode.gif = Samples\Anim-SentenceMode.gif
	EndProjectSection
EndProject
Global
	GlobalSection(SolutionConfigurationPlatforms) = preSolution
		Ad-Hoc|Any CPU = Ad-Hoc|Any CPU
		Ad-Hoc|iPhone = Ad-Hoc|iPhone
		Ad-Hoc|iPhoneSimulator = Ad-Hoc|iPhoneSimulator
		AppStore|Any CPU = AppStore|Any CPU
		AppStore|iPhone = AppStore|iPhone
		AppStore|iPhoneSimulator = AppStore|iPhoneSimulator
		Debug|Any CPU = Debug|Any CPU
		Debug|iPhone = Debug|iPhone
		Debug|iPhoneSimulator = Debug|iPhoneSimulator
		Release|Any CPU = Release|Any CPU
		Release|iPhone = Release|iPhone
		Release|iPhoneSimulator = Release|iPhoneSimulator
	EndGlobalSection
	GlobalSection(ProjectConfigurationPlatforms) = postSolution
		{5BC20E0F-A1B0-42EB-AB7B-222499E61F21}.Ad-Hoc|Any CPU.ActiveCfg = Release|Any CPU
		{5BC20E0F-A1B0-42EB-AB7B-222499E61F21}.Ad-Hoc|Any CPU.Build.0 = Release|Any CPU
		{5BC20E0F-A1B0-42EB-AB7B-222499E61F21}.Ad-Hoc|Any CPU.Deploy.0 = Release|Any CPU
		{5BC20E0F-A1B0-42EB-AB7B-222499E61F21}.Ad-Hoc|iPhone.ActiveCfg = Release|Any CPU
		{5BC20E0F-A1B0-42EB-AB7B-222499E61F21}.Ad-Hoc|iPhone.Build.0 = Release|Any CPU
		{5BC20E0F-A1B0-42EB-AB7B-222499E61F21}.Ad-Hoc|iPhone.Deploy.0 = Release|Any CPU
		{5BC20E0F-A1B0-42EB-AB7B-222499E61F21}.Ad-Hoc|iPhoneSimulator.ActiveCfg = Release|Any CPU
		{5BC20E0F-A1B0-42EB-AB7B-222499E61F21}.Ad-Hoc|iPhoneSimulator.Build.0 = Release|Any CPU
		{5BC20E0F-A1B0-42EB-AB7B-222499E61F21}.Ad-Hoc|iPhoneSimulator.Deploy.0 = Release|Any CPU
		{5BC20E0F-A1B0-42EB-AB7B-222499E61F21}.AppStore|Any CPU.ActiveCfg = Release|Any CPU
		{5BC20E0F-A1B0-42EB-AB7B-222499E61F21}.AppStore|Any CPU.Build.0 = Release|Any CPU
		{5BC20E0F-A1B0-42EB-AB7B-222499E61F21}.AppStore|Any CPU.Deploy.0 = Release|Any CPU
		{5BC20E0F-A1B0-42EB-AB7B-222499E61F21}.AppStore|iPhone.ActiveCfg = Release|Any CPU
		{5BC20E0F-A1B0-42EB-AB7B-222499E61F21}.AppStore|iPhone.Build.0 = Release|Any CPU
		{5BC20E0F-A1B0-42EB-AB7B-222499E61F21}.AppStore|iPhone.Deploy.0 = Release|Any CPU
		{5BC20E0F-A1B0-42EB-AB7B-222499E61F21}.AppStore|iPhoneSimulator.ActiveCfg = Release|Any CPU
		{5BC20E0F-A1B0-42EB-AB7B-222499E61F21}.AppStore|iPhoneSimulator.Build.0 = Release|Any CPU
		{5BC20E0F-A1B0-42EB-AB7B-222499E61F21}.AppStore|iPhoneSimulator.Deploy.0 = Release|Any CPU
		{5BC20E0F-A1B0-42EB-AB7B-222499E61F21}.Debug|Any CPU.ActiveCfg = Debug|Any CPU
		{5BC20E0F-A1B0-42EB-AB7B-222499E61F21}.Debug|Any CPU.Build.0 = Debug|Any CPU
		{5BC20E0F-A1B0-42EB-AB7B-222499E61F21}.Debug|Any CPU.Deploy.0 = Debug|Any CPU
		{5BC20E0F-A1B0-42EB-AB7B-222499E61F21}.Debug|iPhone.ActiveCfg = Debug|Any CPU
		{5BC20E0F-A1B0-42EB-AB7B-222499E61F21}.Debug|iPhone.Build.0 = Debug|Any CPU
		{5BC20E0F-A1B0-42EB-AB7B-222499E61F21}.Debug|iPhone.Deploy.0 = Debug|Any CPU
		{5BC20E0F-A1B0-42EB-AB7B-222499E61F21}.Debug|iPhoneSimulator.ActiveCfg = Debug|Any CPU
		{5BC20E0F-A1B0-42EB-AB7B-222499E61F21}.Debug|iPhoneSimulator.Build.0 = Debug|Any CPU
		{5BC20E0F-A1B0-42EB-AB7B-222499E61F21}.Debug|iPhoneSimulator.Deploy.0 = Debug|Any CPU
		{5BC20E0F-A1B0-42EB-AB7B-222499E61F21}.Release|Any CPU.ActiveCfg = Release|Any CPU
		{5BC20E0F-A1B0-42EB-AB7B-222499E61F21}.Release|Any CPU.Build.0 = Release|Any CPU
		{5BC20E0F-A1B0-42EB-AB7B-222499E61F21}.Release|Any CPU.Deploy.0 = Release|Any CPU
		{5BC20E0F-A1B0-42EB-AB7B-222499E61F21}.Release|iPhone.ActiveCfg = Release|Any CPU
		{5BC20E0F-A1B0-42EB-AB7B-222499E61F21}.Release|iPhone.Build.0 = Release|Any CPU
		{5BC20E0F-A1B0-42EB-AB7B-222499E61F21}.Release|iPhone.Deploy.0 = Release|Any CPU
		{5BC20E0F-A1B0-42EB-AB7B-222499E61F21}.Release|iPhoneSimulator.ActiveCfg = Release|Any CPU
		{5BC20E0F-A1B0-42EB-AB7B-222499E61F21}.Release|iPhoneSimulator.Build.0 = Release|Any CPU
		{5BC20E0F-A1B0-42EB-AB7B-222499E61F21}.Release|iPhoneSimulator.Deploy.0 = Release|Any CPU
		{B4D5ADF2-B055-4890-B4E3-45259E928DB5}.Ad-Hoc|Any CPU.ActiveCfg = Ad-Hoc|iPhone
		{B4D5ADF2-B055-4890-B4E3-45259E928DB5}.Ad-Hoc|Any CPU.Build.0 = Ad-Hoc|iPhone
		{B4D5ADF2-B055-4890-B4E3-45259E928DB5}.Ad-Hoc|iPhone.ActiveCfg = Ad-Hoc|iPhone
		{B4D5ADF2-B055-4890-B4E3-45259E928DB5}.Ad-Hoc|iPhone.Build.0 = Ad-Hoc|iPhone
		{B4D5ADF2-B055-4890-B4E3-45259E928DB5}.Ad-Hoc|iPhoneSimulator.ActiveCfg = Ad-Hoc|iPhoneSimulator
		{B4D5ADF2-B055-4890-B4E3-45259E928DB5}.Ad-Hoc|iPhoneSimulator.Build.0 = Ad-Hoc|iPhoneSimulator
		{B4D5ADF2-B055-4890-B4E3-45259E928DB5}.AppStore|Any CPU.ActiveCfg = AppStore|iPhone
		{B4D5ADF2-B055-4890-B4E3-45259E928DB5}.AppStore|iPhone.ActiveCfg = AppStore|iPhone
		{B4D5ADF2-B055-4890-B4E3-45259E928DB5}.AppStore|iPhone.Build.0 = AppStore|iPhone
		{B4D5ADF2-B055-4890-B4E3-45259E928DB5}.AppStore|iPhoneSimulator.ActiveCfg = AppStore|iPhoneSimulator
		{B4D5ADF2-B055-4890-B4E3-45259E928DB5}.AppStore|iPhoneSimulator.Build.0 = AppStore|iPhoneSimulator
		{B4D5ADF2-B055-4890-B4E3-45259E928DB5}.Debug|Any CPU.ActiveCfg = Debug|iPhone
		{B4D5ADF2-B055-4890-B4E3-45259E928DB5}.Debug|iPhone.ActiveCfg = Debug|iPhone
		{B4D5ADF2-B055-4890-B4E3-45259E928DB5}.Debug|iPhone.Build.0 = Debug|iPhone
		{B4D5ADF2-B055-4890-B4E3-45259E928DB5}.Debug|iPhoneSimulator.ActiveCfg = Debug|iPhoneSimulator
		{B4D5ADF2-B055-4890-B4E3-45259E928DB5}.Debug|iPhoneSimulator.Build.0 = Debug|iPhoneSimulator
		{B4D5ADF2-B055-4890-B4E3-45259E928DB5}.Release|Any CPU.ActiveCfg = Release|iPhone
		{B4D5ADF2-B055-4890-B4E3-45259E928DB5}.Release|iPhone.ActiveCfg = Release|iPhone
		{B4D5ADF2-B055-4890-B4E3-45259E928DB5}.Release|iPhone.Build.0 = Release|iPhone
		{B4D5ADF2-B055-4890-B4E3-45259E928DB5}.Release|iPhoneSimulator.ActiveCfg = Release|iPhoneSimulator
		{B4D5ADF2-B055-4890-B4E3-45259E928DB5}.Release|iPhoneSimulator.Build.0 = Release|iPhoneSimulator
		{FD1A2DC8-3298-43FE-A592-2BF3F02A3908}.Ad-Hoc|Any CPU.ActiveCfg = Debug|Any CPU
		{FD1A2DC8-3298-43FE-A592-2BF3F02A3908}.Ad-Hoc|Any CPU.Build.0 = Debug|Any CPU
		{FD1A2DC8-3298-43FE-A592-2BF3F02A3908}.Ad-Hoc|iPhone.ActiveCfg = Debug|Any CPU
		{FD1A2DC8-3298-43FE-A592-2BF3F02A3908}.Ad-Hoc|iPhone.Build.0 = Debug|Any CPU
		{FD1A2DC8-3298-43FE-A592-2BF3F02A3908}.Ad-Hoc|iPhoneSimulator.ActiveCfg = Debug|Any CPU
		{FD1A2DC8-3298-43FE-A592-2BF3F02A3908}.Ad-Hoc|iPhoneSimulator.Build.0 = Debug|Any CPU
		{FD1A2DC8-3298-43FE-A592-2BF3F02A3908}.AppStore|Any CPU.ActiveCfg = Debug|Any CPU
		{FD1A2DC8-3298-43FE-A592-2BF3F02A3908}.AppStore|Any CPU.Build.0 = Debug|Any CPU
		{FD1A2DC8-3298-43FE-A592-2BF3F02A3908}.AppStore|iPhone.ActiveCfg = Debug|Any CPU
		{FD1A2DC8-3298-43FE-A592-2BF3F02A3908}.AppStore|iPhone.Build.0 = Debug|Any CPU
		{FD1A2DC8-3298-43FE-A592-2BF3F02A3908}.AppStore|iPhoneSimulator.ActiveCfg = Debug|Any CPU
		{FD1A2DC8-3298-43FE-A592-2BF3F02A3908}.AppStore|iPhoneSimulator.Build.0 = Debug|Any CPU
		{FD1A2DC8-3298-43FE-A592-2BF3F02A3908}.Debug|Any CPU.ActiveCfg = Debug|Any CPU
		{FD1A2DC8-3298-43FE-A592-2BF3F02A3908}.Debug|Any CPU.Build.0 = Debug|Any CPU
		{FD1A2DC8-3298-43FE-A592-2BF3F02A3908}.Debug|iPhone.ActiveCfg = Debug|Any CPU
		{FD1A2DC8-3298-43FE-A592-2BF3F02A3908}.Debug|iPhone.Build.0 = Debug|Any CPU
		{FD1A2DC8-3298-43FE-A592-2BF3F02A3908}.Debug|iPhoneSimulator.ActiveCfg = Debug|Any CPU
		{FD1A2DC8-3298-43FE-A592-2BF3F02A3908}.Debug|iPhoneSimulator.Build.0 = Debug|Any CPU
		{FD1A2DC8-3298-43FE-A592-2BF3F02A3908}.Release|Any CPU.ActiveCfg = Release|Any CPU
		{FD1A2DC8-3298-43FE-A592-2BF3F02A3908}.Release|Any CPU.Build.0 = Release|Any CPU
		{FD1A2DC8-3298-43FE-A592-2BF3F02A3908}.Release|iPhone.ActiveCfg = Release|Any CPU
		{FD1A2DC8-3298-43FE-A592-2BF3F02A3908}.Release|iPhone.Build.0 = Release|Any CPU
		{FD1A2DC8-3298-43FE-A592-2BF3F02A3908}.Release|iPhoneSimulator.ActiveCfg = Release|Any CPU
		{FD1A2DC8-3298-43FE-A592-2BF3F02A3908}.Release|iPhoneSimulator.Build.0 = Release|Any CPU
	EndGlobalSection
	GlobalSection(SolutionProperties) = preSolution
		HideSolutionNode = FALSE
	EndGlobalSection
	GlobalSection(NestedProjects) = preSolution
		{7EF1B3EE-7A94-43AA-8C3F-88D230B62A1B} = {CD2AF992-9E4E-4CD6-A32B-3002E85F305D}
	EndGlobalSection
	GlobalSection(ExtensibilityGlobals) = postSolution
		SolutionGuid = {FE27BE1A-43B7-414E-B158-D4B97FE9E3D7}
	EndGlobalSection
	GlobalSection(MonoDevelopProperties) = preSolution
		Policies = $0
		$0.DotNetNamingPolicy = $1
		$1.DirectoryNamespaceAssociation = PrefixedHierarchical
		$0.TextStylePolicy = $6
		$6.inheritsSet = null
		$6.scope = text/x-csharp
		$0.CSharpFormattingPolicy = $7
		$7.scope = text/x-csharp
		version = 1.0.0.3
	EndGlobalSection
EndGlobal
